
Microsoft Visual Studio Solution File, Format Version 12.00
# Visual Studio Version 17
VisualStudioVersion = 17.13.35806.99 d17.13
MinimumVisualStudioVersion = 10.0.40219.1
Project("{FAE04EC0-301F-11D3-BF4B-00C04F79EFBC}") = "The Task", "The Task\The Task.csproj", "{6B8FA876-0E72-40DF-963B-1A6414F79CC6}"
EndProject
Global
	GlobalSection(SolutionConfigurationPlatforms) = preSolution
		Debug|Any CPU = Debug|Any CPU
		Release|Any CPU = Release|Any CPU
	EndGlobalSection
	GlobalSection(ProjectConfigurationPlatforms) = postSolution
		{6B8FA876-0E72-40DF-963B-1A6414F79CC6}.Debug|Any CPU.ActiveCfg = Debug|Any CPU
		{6B8FA876-0E72-40DF-963B-1A6414F79CC6}.Debug|Any CPU.Build.0 = Debug|Any CPU
		{6B8FA876-0E72-40DF-963B-1A6414F79CC6}.Release|Any CPU.ActiveCfg = Release|Any CPU
		{6B8FA876-0E72-40DF-963B-1A6414F79CC6}.Release|Any CPU.Build.0 = Release|Any CPU
	EndGlobalSection
	GlobalSection(SolutionProperties) = preSolution
		HideSolutionNode = FALSE
	EndGlobalSection
	GlobalSection(ExtensibilityGlobals) = postSolution
		SolutionGuid = {A2DE04B5-F33E-4935-87B7-A050E8BE6F16}
	EndGlobalSection
EndGlobal
